[[dependencies]]
name = "@chainlink"
version = "1.2.0"
url = "https://github.com/smartcontractkit/chainlink/archive/c3dc764bba9e1c57b3f7933bcb804a1740fab695.zip"
checksum = "7050515ce90fd3dbac7cb958e960dd22ac85f6d0093bfdec87acc12560edbe3a"
integrity = "327026361885672b88abd3145dc028d1dc549595b6a091cdf37ee67d0c6258f4"

[[dependencies]]
name = "@openzeppelin-contracts"
version = "5.2.0"
url = "https://soldeer-revisions.s3.amazonaws.com/@openzeppelin-contracts/5_2_0_11-01-2025_09:30:20_contracts.zip"
checksum = "6dbd0440446b2ed16ca25e9f1af08fc0c5c1e73e71fee86ae8a00daa774e3817"
integrity = "4cb7f3777f67fdf4b7d0e2f94d2f93f198b2e5dce718b7062ac7c2c83e1183bd"

[[dependencies]]
name = "@openzeppelin-contracts-upgradeable"
version = "5.2.0"
url = "https://soldeer-revisions.s3.amazonaws.com/@openzeppelin-contracts-upgradeable/5_2_0_11-01-2025_09:30:25_contracts-upgradeable.zip"
checksum = "25d9cf22b6f4d8da7975f24234eefbf6c71348464ea74c8fdd481be3811767f5"
integrity = "498747bedc3f757976da0b6125d26a63e79bb2b4dbabd8ecd2547e809a2fa27e"

[[dependencies]]
name = "@perimetersec"
version = "0.3.1"
url = "https://github.com/perimetersec/fuzzlib/archive/refs/tags/v0.3.1.zip"
checksum = "a163154562c27133fccb24845c6bfa88334da7e699d61da37ec04421b579f27c"
integrity = "03ced4d25b75548d39521820c409aaba9f2106d1fb984dbbe803a94bf46638b2"

[[dependencies]]
name = "@pythnetwork-pyth-sdk-solidity"
version = "3.1.0"
url = "https://soldeer-revisions.s3.amazonaws.com/@pythnetwork-pyth-sdk-solidity/3_1_0_15-04-2024_18:51:28_pyth-sdk-solidity.zip"
checksum = "f71446fe21a725f3f95d4b2e981936313dae05b78621a0d2ab2dba20c59a87cb"
integrity = "a8ea595a78be635fa11cce0fae0dee85cd8e7a0db754d0253cd2bfa8eb5b3fbf"

[[dependencies]]
name = "@redstone-finance-evm-connector"
version = "0.6.2"
url = "https://soldeer-revisions.s3.amazonaws.com/@redstone-finance-evm-connector/0_6_2_16-09-2024_12:52:33_evm-connector.zip"
checksum = "2c65c8850894b2e6420827cc1c03ab755d832230679be1bf0835c05aaefbc2bc"
integrity = "91b013140e1099e6e5d92ef741bcffe7ba5642bc412e616b1dca9801cf3acd6e"

[[dependencies]]
name = "@smardex-solidity-libraries"
version = "1.0.1"
url = "https://soldeer-revisions.s3.amazonaws.com/@smardex-solidity-libraries/1_0_1_08-01-2025_10:49:08_solidity-libraries.zip"
checksum = "01e5cabc6e7f5b7e4300956cf872693a3f04bd7349c0059feb5b98b5c3d9b339"
integrity = "7edabc9154bf7675c5f947f80c8d91f00ab5b6a4242c9dd0477176f6669be46d"

[[dependencies]]
name = "@uniswap-permit2"
version = "1.0.0"
url = "https://github.com/Uniswap/permit2/archive/cc56ad0f3439c502c246fc5cfcc3db92bb8b7219.zip"
checksum = "180e009e8abfc5ed43383418f2593ac790655b58ec18ae52a92a636d5f298ad4"
integrity = "393047bfd13476671149d98263cf25e3ba7d301ef3f9e83f073c0183ea6b6586"

[[dependencies]]
name = "forge-std"
version = "1.9.5"
url = "https://soldeer-revisions.s3.amazonaws.com/forge-std/1_9_5_21-12-2024_15:04:05_forge-std-1.9.zip"
checksum = "57ada736f383289db77fac4472d48f820e7c98172cf9b01681b0c37065ce043f"
integrity = "4753ffdfa0dde40878372b6a4d8e8fd1648b190b33996896c8b92f6f1680850f"

[[dependencies]]
name = "openzeppelin-foundry-upgrades"
version = "0.3.7"
url = "https://soldeer-revisions.s3.amazonaws.com/openzeppelin-foundry-upgrades/0_3_7_13-01-2025_22:18:23_openzeppelin-foundry-upgrades.zip"
checksum = "9706e261d58a48f76e7c7e4c5e12df1e6048a94e9c08158ca42328472c9703e5"
integrity = "46fd41150d6eb53d737d4d9bf6475ddc9bc8e04dbcce33ec7fbb973060be7346"

[[dependencies]]
name = "solady"
version = "0.0.228"
url = "https://soldeer-revisions.s3.amazonaws.com/solady/0_0_228_28-07-2024_08:37:28_solady.zip"
checksum = "fa66187898039b91958e962e49db3e31ca920e48599c62eec43cf03156335210"
integrity = "2382511553b4af95edecdffe8b5a713c6d49030a31be16416e0f53f1446d421c"
