[[dependencies]]
name = "@chainlink"
version = "1.2.0"
source = "https://github.com/smartcontractkit/chainlink/archive/c3dc764bba9e1c57b3f7933bcb804a1740fab695.zip"
checksum = "7050515ce90fd3dbac7cb958e960dd22ac85f6d0093bfdec87acc12560edbe3a"
integrity = "8fd37dac2b31a047479eda4baefdc67051aa1be227429e6e31820bf9509f3b1e"

[[dependencies]]
name = "@openzeppelin-contracts"
version = "5.0.2"
source = "https://soldeer-revisions.s3.amazonaws.com/@openzeppelin-contracts/5_0_2_14-03-2024_06:11:59_contracts.zip"
checksum = "8bc4f0acc7c187771b878d46f7de4bfad1acad2eb5d096d9d05d34035853f5c3"
integrity = "a4f32228bd406b856bb09496270cdef6229ef67eb466c379a9af2adee73d0962"

[[dependencies]]
name = "@openzeppelin-contracts-upgradeable"
version = "5.0.2"
source = "https://soldeer-revisions.s3.amazonaws.com/@openzeppelin-contracts-upgradeable/5_0_2_14-03-2024_06:12:07_contracts-upgradeable.zip"
checksum = "fb3f8db8541fc01636f91b0e7d9dd6f450f1bf7e2b4a17e96caf6e779ace8f5b"
integrity = "44226f2f36b80b064cf8c1d1e1ac51a0b826596a141d92fc651a9d325fbec1a7"

[[dependencies]]
name = "@pythnetwork-pyth-sdk-solidity"
version = "3.1.0"
source = "https://soldeer-revisions.s3.amazonaws.com/@pythnetwork-pyth-sdk-solidity/3_1_0_15-04-2024_18:51:28_pyth-sdk-solidity.zip"
checksum = "f71446fe21a725f3f95d4b2e981936313dae05b78621a0d2ab2dba20c59a87cb"
integrity = "f8da7925513369ec656dd42256fdf543e650a8035e41019aa02ea81bfdd3394f"

[[dependencies]]
name = "@redstone-finance-evm-connector"
version = "0.6.1"
source = "https://soldeer-revisions.s3.amazonaws.com/@redstone-finance-evm-connector/0_6_1_25-07-2024_06:26:58_evm-connector.zip"
checksum = "7532d8972be86e4df8b902205333c4760fe1eda7ca1ee073b1be06c4b4523863"
integrity = "3f73a4f9d3a51afdbc0dcfb461d540a6c936035fb73e78f461b436e1ae6e025f"

[[dependencies]]
name = "@uniswap-permit2"
version = "1.0.0"
source = "https://github.com/Uniswap/permit2/archive/cc56ad0f3439c502c246fc5cfcc3db92bb8b7219.zip"
checksum = "180e009e8abfc5ed43383418f2593ac790655b58ec18ae52a92a636d5f298ad4"
integrity = "93de084bbba8592a629ba5951d932d61d530b4fb578c85acceeb94583bb0746a"

[[dependencies]]
name = "forge-std"
version = "1.9.2"
source = "https://soldeer-revisions.s3.amazonaws.com/forge-std/1_9_2_06-08-2024_17:31:25_forge-std-1.9.2.zip"
checksum = "20fd008c7c69b6c737cc0284469d1c76497107bc3e004d8381f6d8781cb27980"
integrity = "b3ea3783c06b03ae220339b177de546b8b49e148d9d5eba57d1ddfe5dcfbc3de"

[[dependencies]]
name = "openzeppelin-foundry-upgrades"
version = "0.3.3"
source = "https://soldeer-revisions.s3.amazonaws.com/openzeppelin-foundry-upgrades/0_3_3_26-08-2024_17:35:15_openzeppelin-foundry-upgrades.zip"
checksum = "e55c6954134eda3e3ea5bd95e7fc851e6878bf642938c1cf3391492c9962bdbc"
integrity = "7332e6f39cd66146797cbe2874400a5cc3ec51a613d2c67fb19628a3dea1c827"

[[dependencies]]
name = "solady"
version = "0.0.228"
source = "https://soldeer-revisions.s3.amazonaws.com/solady/0_0_228_28-07-2024_08:37:28_solady.zip"
checksum = "fa66187898039b91958e962e49db3e31ca920e48599c62eec43cf03156335210"
integrity = "190b01fc312d6b2960d2187d462cc195d0946bd1cff56fb613b763813b06b193"
