# THIS IS AN AUTOGENERATED FILE. DO NOT EDIT THIS FILE DIRECTLY.
# yarn lockfile v1


"@openzeppelin/contracts@^5.0.0":
  version "5.0.0"
  resolved "https://registry.yarnpkg.com/@openzeppelin/contracts/-/contracts-5.0.0.tgz#ee0e4b4564f101a5c4ee398cd4d73c0bd92b289c"
  integrity sha512-bv2sdS6LKqVVMLI5+zqnNrNU/CA+6z6CmwFXm/MzmOPBRSO5reEJN7z0Gbzvs0/bv/MZZXNklubpwy3v2+azsw==

"@prb/math@^4.0.1":
  version "4.0.1"
  resolved "https://registry.yarnpkg.com/@prb/math/-/math-4.0.1.tgz#bc90277f4f1c085c973f502455bf12c2b3b67666"
  integrity sha512-ANTz2KMV+dMdZ57mWgDTR6jZo5uQzUczQEHCxd7CvJZZ9yafnfPhUUILHvvigIOZ85fZbTPVkC8YoRG1z5Qf7g==

"@pythnetwork/pyth-sdk-solidity@^2.3.0":
  version "2.3.0"
  resolved "https://registry.yarnpkg.com/@pythnetwork/pyth-sdk-solidity/-/pyth-sdk-solidity-2.3.0.tgz#786dc3e7c265744db21df6c1359273bb606c93a5"
  integrity sha512-P4B03Bclwlyey30kmamgcpGnO9DrN0/bhQmnuTzltB+1YSPAnQxIlUWnyXpCN5rKkLd7Ay2bXW4T0QP0uszORA==

abdk-libraries-solidity@^3.2.0:
  version "3.2.0"
  resolved "https://registry.yarnpkg.com/abdk-libraries-solidity/-/abdk-libraries-solidity-3.2.0.tgz#bd0b4f3edd89d0a64e8b1f0000a0cb10f989a0ae"
  integrity sha512-JyedKxyqsszb9qCTX+YCOQHA4m0YAq9p77Qvumiy8LJLLrm1FfA9D3pdSAZN5wrmi3PSv0y3Svy8c/C+8S9K8g==

husky@^8.0.3:
  version "8.0.3"
  resolved "https://registry.yarnpkg.com/husky/-/husky-8.0.3.tgz#4936d7212e46d1dea28fef29bb3a108872cd9184"
  integrity sha512-+dQSyqPh4x1hlO1swXBiNb2HzTDN1I2IGLQx1GrBuiqFJfoMrnZWwVmatvSiO+Iz8fBUnf+lekwNo4c2LlXItg==

solady@^0.0.140:
  version "0.0.140"
  resolved "https://registry.yarnpkg.com/solady/-/solady-0.0.140.tgz#7a2041749dc91fec098413a9ff366c9174971d05"
  integrity sha512-hIvS/HprLzI95r3+5E++yFIIOsFnXG2myXqAW7pBpLzo5UnM2MXXtklurohY4SY6BbVh6r7oGnJAVO94XVNWyA==
